# This file is autogenerated, do not edit; changes may be undone by the next 'dep ensure'.


[[projects]]
  digest = "1:8b4d009bfb2d13472dad368bf7520c482dd7f8a190436da4e6d52111c0a2e697"
  name = "github.com/aws/aws-lambda-go"
  packages = [
    "events",
    "lambda",
    "lambda/messages",
    "lambdacontext",
  ]
  pruneopts = "UT"
  revision = "9e3676ee8ca83aee500682f382e10b9d03660093"
  version = "v1.8.0"

[[projects]]
  digest = "1:c79fb010be38a59d657c48c6ba1d003a8aa651fa56b579d959d74573b7dff8e1"
  name = "github.com/gorilla/context"
  packages = ["."]
  pruneopts = "UT"
  revision = "08b5f424b9271eedf6f9f0ce86cb9396ed337a42"
  version = "v1.1.1"

[[projects]]
  digest = "1:664d37ea261f0fc73dd17f4a1f5f46d01fbb0b0d75f6375af064824424109b7d"
  name = "github.com/gorilla/handlers"
  packages = ["."]
  pruneopts = "UT"
  revision = "7e0847f9db758cdebd26c149d0ae9d5d0b9c98ce"
  version = "v1.4.0"

[[projects]]
  digest = "1:e73f5b0152105f18bc131fba127d9949305c8693f8a762588a82a48f61756f5f"
  name = "github.com/gorilla/mux"
  packages = ["."]
  pruneopts = "UT"
  revision = "e3702bed27f0d39777b0b37b664b6280e8ef8fbf"
  version = "v1.6.2"

[[projects]]
  digest = "1:095ee836e834d2ddf49549950b4f85bced5f1836754d1e7dbfa5fc472ad5dfad"
  name = "github.com/refunc/go-observer"
  packages = ["."]
  pruneopts = "UT"
  revision = "2b5c0039075a41408f1a33aa6391bd77d3e5a132"
  version = "v1.0.3"

[[projects]]
  branch = "master"
  digest = "1:71681ed18d4b8a527db1b510d3046fd357d6c94e9f424f674166bd5bac07437d"
  name = "github.com/refunc/refunc"
  packages = [
    "pkg/messages",
    "pkg/runtime/types",
    "pkg/sidecar",
    "pkg/utils",
    "pkg/utils/cmdutil",
    "pkg/utils/cmdutil/flagtools",
    "pkg/utils/cmdutil/pflagenv",
    "pkg/utils/logtools",
  ]
  pruneopts = "UT"
  revision = "50a4848de4ad97a0daa9d3f014ebe37eed66e190"

[[projects]]
  digest = "1:c1b1102241e7f645bc8e0c22ae352e8f0dc6484b6cb4d132fa9f24174e0119e2"
  name = "github.com/spf13/pflag"
  packages = ["."]
  pruneopts = "UT"
  revision = "298182f68c66c05229eb03ac171abe6e309ee79a"
  version = "v1.0.3"

[[projects]]
  digest = "1:e2999bf1bb6eddc2a6aa03fe5e6629120a53088926520ca3b4765f77d7ff7eab"
  name = "k8s.io/klog"
  packages = ["."]
  pruneopts = "UT"
  revision = "a5bc97fbc634d635061f3146511332c7e313a55a"
  version = "v0.1.0"

[solve-meta]
  analyzer-name = "dep"
  analyzer-version = 1
  input-imports = [
    "github.com/aws/aws-lambda-go/events",
    "github.com/aws/aws-lambda-go/lambda",
    "github.com/aws/aws-lambda-go/lambda/messages",
    "github.com/refunc/go-observer",
    "github.com/refunc/refunc/pkg/messages",
    "github.com/refunc/refunc/pkg/runtime/types",
    "github.com/refunc/refunc/pkg/sidecar",
    "github.com/refunc/refunc/pkg/utils",
    "github.com/refunc/refunc/pkg/utils/cmdutil",
    "github.com/refunc/refunc/pkg/utils/cmdutil/flagtools",
    "github.com/spf13/pflag",
    "k8s.io/klog",
  ]
  solver-name = "gps-cdcl"
  solver-version = 1
